
Microsoft Visual Studio Solution File, Format Version 12.00
# Visual Studio Version 17
VisualStudioVersion = 17.0.31903.59
MinimumVisualStudioVersion = 10.0.40219.1
Project("{2150E333-8FDC-42A3-9474-1A3956D46DE8}") = "src", "src", "{E66B0EFE-23BD-43C9-8D3B-899195E7601C}"
EndProject
Project("{2150E333-8FDC-42A3-9474-1A3956D46DE8}") = "Shared", "Shared", "{49FC4F9E-2612-43E4-9A16-FBB0FDF50E4E}"
EndProject
Project("{FAE04EC0-301F-11D3-BF4B-00C04F79EFBC}") = "ECommerce.Shared", "src\Shared\ECommerce.Shared\ECommerce.Shared.csproj", "{DCBEDEBE-356D-4AE8-B485-C725BC5E9213}"
EndProject
Project("{2150E333-8FDC-42A3-9474-1A3956D46DE8}") = "Services", "Services", "{98E57DCB-0010-43AF-8B8D-EAF0732E3F46}"
EndProject
Project("{2150E333-8FDC-42A3-9474-1A3956D46DE8}") = "Identity", "Identity", "{1A382328-117D-4B5C-8D47-15AFC7238D23}"
EndProject
Project("{FAE04EC0-301F-11D3-BF4B-00C04F79EFBC}") = "Identity.API", "src\Services\Identity\Identity.API\Identity.API.csproj", "{7A47CC58-BC73-483A-BA5C-2A2C63E81633}"
EndProject
Project("{2150E333-8FDC-42A3-9474-1A3956D46DE8}") = "Catalog", "Catalog", "{117E9D0E-430C-4C02-AE2E-87383796559C}"
EndProject
Project("{FAE04EC0-301F-11D3-BF4B-00C04F79EFBC}") = "Catalog.API", "src\Services\Catalog\Catalog.API\Catalog.API.csproj", "{6556DF8B-CBED-4510-8A69-5FF9F32DFC02}"
EndProject
Project("{2150E333-8FDC-42A3-9474-1A3956D46DE8}") = "Cart", "Cart", "{C2548256-D891-4076-855C-8E3995D45511}"
EndProject
Project("{FAE04EC0-301F-11D3-BF4B-00C04F79EFBC}") = "Cart.API", "src\Services\Cart\Cart.API\Cart.API.csproj", "{5E2E5B2A-BBC7-402B-9EB3-9CB72F7C2371}"
EndProject
Global
	GlobalSection(SolutionConfigurationPlatforms) = preSolution
		Debug|Any CPU = Debug|Any CPU
		Release|Any CPU = Release|Any CPU
	EndGlobalSection
	GlobalSection(SolutionProperties) = preSolution
		HideSolutionNode = FALSE
	EndGlobalSection
	GlobalSection(ProjectConfigurationPlatforms) = postSolution
		{DCBEDEBE-356D-4AE8-B485-C725BC5E9213}.Debug|Any CPU.ActiveCfg = Debug|Any CPU
		{DCBEDEBE-356D-4AE8-B485-C725BC5E9213}.Debug|Any CPU.Build.0 = Debug|Any CPU
		{DCBEDEBE-356D-4AE8-B485-C725BC5E9213}.Release|Any CPU.ActiveCfg = Release|Any CPU
		{DCBEDEBE-356D-4AE8-B485-C725BC5E9213}.Release|Any CPU.Build.0 = Release|Any CPU
		{7A47CC58-BC73-483A-BA5C-2A2C63E81633}.Debug|Any CPU.ActiveCfg = Debug|Any CPU
		{7A47CC58-BC73-483A-BA5C-2A2C63E81633}.Debug|Any CPU.Build.0 = Debug|Any CPU
		{7A47CC58-BC73-483A-BA5C-2A2C63E81633}.Release|Any CPU.ActiveCfg = Release|Any CPU
		{7A47CC58-BC73-483A-BA5C-2A2C63E81633}.Release|Any CPU.Build.0 = Release|Any CPU
		{6556DF8B-CBED-4510-8A69-5FF9F32DFC02}.Debug|Any CPU.ActiveCfg = Debug|Any CPU
		{6556DF8B-CBED-4510-8A69-5FF9F32DFC02}.Debug|Any CPU.Build.0 = Debug|Any CPU
		{6556DF8B-CBED-4510-8A69-5FF9F32DFC02}.Release|Any CPU.ActiveCfg = Release|Any CPU
		{6556DF8B-CBED-4510-8A69-5FF9F32DFC02}.Release|Any CPU.Build.0 = Release|Any CPU
		{5E2E5B2A-BBC7-402B-9EB3-9CB72F7C2371}.Debug|Any CPU.ActiveCfg = Debug|Any CPU
		{5E2E5B2A-BBC7-402B-9EB3-9CB72F7C2371}.Debug|Any CPU.Build.0 = Debug|Any CPU
		{5E2E5B2A-BBC7-402B-9EB3-9CB72F7C2371}.Release|Any CPU.ActiveCfg = Release|Any CPU
		{5E2E5B2A-BBC7-402B-9EB3-9CB72F7C2371}.Release|Any CPU.Build.0 = Release|Any CPU
	EndGlobalSection
	GlobalSection(NestedProjects) = preSolution
		{49FC4F9E-2612-43E4-9A16-FBB0FDF50E4E} = {E66B0EFE-23BD-43C9-8D3B-899195E7601C}
		{DCBEDEBE-356D-4AE8-B485-C725BC5E9213} = {49FC4F9E-2612-43E4-9A16-FBB0FDF50E4E}
		{98E57DCB-0010-43AF-8B8D-EAF0732E3F46} = {E66B0EFE-23BD-43C9-8D3B-899195E7601C}
		{1A382328-117D-4B5C-8D47-15AFC7238D23} = {98E57DCB-0010-43AF-8B8D-EAF0732E3F46}
		{7A47CC58-BC73-483A-BA5C-2A2C63E81633} = {1A382328-117D-4B5C-8D47-15AFC7238D23}
		{117E9D0E-430C-4C02-AE2E-87383796559C} = {98E57DCB-0010-43AF-8B8D-EAF0732E3F46}
		{6556DF8B-CBED-4510-8A69-5FF9F32DFC02} = {117E9D0E-430C-4C02-AE2E-87383796559C}
		{C2548256-D891-4076-855C-8E3995D45511} = {98E57DCB-0010-43AF-8B8D-EAF0732E3F46}
		{5E2E5B2A-BBC7-402B-9EB3-9CB72F7C2371} = {C2548256-D891-4076-855C-8E3995D45511}
	EndGlobalSection
EndGlobal
